github.com/voodooEntity/archivist v1.0.2 h1:QesszRfOPdGmkT1ieAXa6LkRkch/22R/LPTu8DFkKUY=
github.com/voodooEntity/archivist v1.0.2/go.mod h1:Kw+7tEDicfscFX3Kl4wzTmICO66MjWxpXlFEP3UJCGc=
github.com/voodooEntity/gits v0.9.5 h1:psQe0LyOcU15Jm8Np6jzox24MjzB5mkQw8hDLp+I1Ok=
github.com/voodooEntity/gits v0.9.5/go.mod h1:VB7qpYFyIXzP9pO9IukCGTg7mJ9FLlpXY6dqsCu1LlY=
github.com/voodooEntity/go-cyberbrain-plugin-interface v0.2.2 h1:UFC7gKu72FLbYEqOLMEd222jqtPjfbKpHmahKTtl/LQ=
github.com/voodooEntity/go-cyberbrain-plugin-interface v0.2.2/go.mod h1:XO+gB/3g2QEpJujRFNCbuR4iKYDAv9rdlmvWGuQ0ucw=
